// !$*UTF8*$!
{
	archiveVersion = 1;
	classes = {
	};
	objectVersion = 46;
	objects = {

/* Begin PBXBuildFile section */
		52C38A401A82D33900557E29 /* AppDelegate.m in Sources */ = {isa = PBXBuildFile; fileRef = 52C38A3F1A82D33900557E29 /* AppDelegate.m */; };
		52C38A421A82D33900557E29 /* main.m in Sources */ = {isa = PBXBuildFile; fileRef = 52C38A411A82D33900557E29 /* main.m */; };
		52C38A441A82D33900557E29 /* Images.xcassets in Resources */ = {isa = PBXBuildFile; fileRef = 52C38A431A82D33900557E29 /* Images.xcassets */; };
		52C38A471A82D33900557E29 /* MainMenu.xib in Resources */ = {isa = PBXBuildFile; fileRef = 52C38A451A82D33900557E29 /* MainMenu.xib */; };
		52C38A531A82D33900557E29 /* AtlassianDemoTests.m in Sources */ = {isa = PBXBuildFile; fileRef = 52C38A521A82D33900557E29 /* AtlassianDemoTests.m */; };
/* End PBXBuildFile section */

/* Begin PBXContainerItemProxy section */
		52C38A4D1A82D33900557E29 /* PBXContainerItemProxy */ = {
			isa = PBXContainerItemProxy;
			containerPortal = 52C38A311A82D33900557E29 /* Project object */;
			proxyType = 1;
			remoteGlobalIDString = 52C38A381A82D33900557E29;
			remoteInfo = AtlassianDemo;
		};
/* End PBXContainerItemProxy section */

/* Begin PBXFileReference section */
		52C38A391A82D33900557E29 /* AtlassianDemo.app */ = {isa = PBXFileReference; explicitFileType = wrapper.application; includeInIndex = 0; path = AtlassianDemo.app; sourceTree = BUILT_PRODUCTS_DIR; };
		52C38A3D1A82D33900557E29 /* Info.plist */ = {isa = PBXFileReference; lastKnownFileType = text.plist.xml; path = Info.plist; sourceTree = "<group>"; };
		52C38A3E1A82D33900557E29 /* AppDelegate.h */ = {isa = PBXFileReference; lastKnownFileType = sourcecode.c.h; path = AppDelegate.h; sourceTree = "<group>"; };
		52C38A3F1A82D33900557E29 /* AppDelegate.m */ = {isa = PBXFileReference; lastKnownFileType = sourcecode.c.objc; path = AppDelegate.m; sourceTree = "<group>"; };
		52C38A411A82D33900557E29 /* main.m */ = {isa = PBXFileReference; lastKnownFileType = sourcecode.c.objc; path = main.m; sourceTree = "<group>"; };
		52C38A431A82D33900557E29 /* Images.xcassets */ = {isa = PBXFileReference; lastKnownFileType = folder.assetcatalog; path = Images.xcassets; sourceTree = "<group>"; };
		52C38A461A82D33900557E29 /* Base */ = {isa = PBXFileReference; lastKnownFileType = file.xib; name = Base; path = Base.lproj/MainMenu.xib; sourceTree = "<group>"; };
		52C38A4C1A82D33900557E29 /* AtlassianDemoTests.xctest */ = {isa = PBXFileReference; explicitFileType = wrapper.cfbundle; includeInIndex = 0; path = AtlassianDemoTests.xctest; sourceTree = BUILT_PRODUCTS_DIR; };
		52C38A511A82D33900557E29 /* Info.plist */ = {isa = PBXFileReference; lastKnownFileType = text.plist.xml; path = Info.plist; sourceTree = "<group>"; };
		52C38A521A82D33900557E29 /* AtlassianDemoTests.m */ = {isa = PBXFileReference; lastKnownFileType = sourcecode.c.objc; path = AtlassianDemoTests.m; sourceTree = "<group>"; };
/* End PBXFileReference section */

/* Begin PBXFrameworksBuildPhase section */
		52C38A361A82D33900557E29 /* Frameworks */ = {
			isa = PBXFrameworksBuildPhase;
			buildActionMask = 2147483647;
			files = (
			);
			runOnlyForDeploymentPostprocessing = 0;
		};
		52C38A491A82D33900557E29 /* Frameworks */ = {
			isa = PBXFrameworksBuildPhase;
			buildActionMask = 2147483647;
			files = (
			);
			runOnlyForDeploymentPostprocessing = 0;
		};
/* End PBXFrameworksBuildPhase section */

/* Begin PBXGroup section */
		52C38A301A82D33900557E29 = {
			isa = PBXGroup;
			children = (
				52C38A3B1A82D33900557E29 /* AtlassianDemo */,
				52C38A4F1A82D33900557E29 /* AtlassianDemoTests */,
				52C38A3A1A82D33900557E29 /* Products */,
			);
			sourceTree = "<group>";
		};
		52C38A3A1A82D33900557E29 /* Products */ = {
			isa = PBXGroup;
			children = (
				52C38A391A82D33900557E29 /* AtlassianDemo.app */,
				52C38A4C1A82D33900557E29 /* AtlassianDemoTests.xctest */,
			);
			name = Products;
			sourceTree = "<group>";
		};
		52C38A3B1A82D33900557E29 /* AtlassianDemo */ = {
			isa = PBXGroup;
			children = (
				52C38A3E1A82D33900557E29 /* AppDelegate.h */,
				52C38A3F1A82D33900557E29 /* AppDelegate.m */,
				52C38A431A82D33900557E29 /* Images.xcassets */,
				52C38A451A82D33900557E29 /* MainMenu.xib */,
				52C38A3C1A82D33900557E29 /* Supporting Files */,
			);
			path = AtlassianDemo;
			sourceTree = "<group>";
		};
		52C38A3C1A82D33900557E29 /* Supporting Files */ = {
			isa = PBXGroup;
			children = (
				52C38A3D1A82D33900557E29 /* Info.plist */,
				52C38A411A82D33900557E29 /* main.m */,
			);
			name = "Supporting Files";
			sourceTree = "<group>";
		};
		52C38A4F1A82D33900557E29 /* AtlassianDemoTests */ = {
			isa = PBXGroup;
			children = (
				52C38A521A82D33900557E29 /* AtlassianDemoTests.m */,
				52C38A501A82D33900557E29 /* Supporting Files */,
			);
			path = AtlassianDemoTests;
			sourceTree = "<group>";
		};
		52C38A501A82D33900557E29 /* Supporting Files */ = {
			isa = PBXGroup;
			children = (
				52C38A511A82D33900557E29 /* Info.plist */,
			);
			name = "Supporting Files";
			sourceTree = "<group>";
		};
/* End PBXGroup section */

/* Begin PBXNativeTarget section */
		52C38A381A82D33900557E29 /* AtlassianDemo */ = {
			isa = PBXNativeTarget;
			buildConfigurationList = 52C38A561A82D33900557E29 /* Build configuration list for PBXNativeTarget "AtlassianDemo" */;
			buildPhases = (
				52C38A351A82D33900557E29 /* Sources */,
				52C38A361A82D33900557E29 /* Frameworks */,
				52C38A371A82D33900557E29 /* Resources */,
			);
			buildRules = (
			);
			dependencies = (
			);
			name = AtlassianDemo;
			productName = AtlassianDemo;
			productReference = 52C38A391A82D33900557E29 /* AtlassianDemo.app */;
			productType = "com.apple.product-type.application";
		};
		52C38A4B1A82D33900557E29 /* AtlassianDemoTests */ = {
			isa = PBXNativeTarget;
			buildConfigurationList = 52C38A591A82D33900557E29 /* Build configuration list for PBXNativeTarget "AtlassianDemoTests" */;
			buildPhases = (
				52C38A481A82D33900557E29 /* Sources */,
				52C38A491A82D33900557E29 /* Frameworks */,
				52C38A4A1A82D33900557E29 /* Resources */,
			);
			buildRules = (
			);
			dependencies = (
				52C38A4E1A82D33900557E29 /* PBXTargetDependency */,
			);
			name = AtlassianDemoTests;
			productName = AtlassianDemoTests;
			productReference = 52C38A4C1A82D33900557E29 /* AtlassianDemoTests.xctest */;
			productType = "com.apple.product-type.bundle.unit-test";
		};
/* End PBXNativeTarget section */

/* Begin PBXProject section */
		52C38A311A82D33900557E29 /* Project object */ = {
			isa = PBXProject;
			attributes = {
				LastUpgradeCheck = 0610;
				ORGANIZATIONNAME = "John Wells";
				TargetAttributes = {
					52C38A381A82D33900557E29 = {
						CreatedOnToolsVersion = 6.1.1;
					};
					52C38A4B1A82D33900557E29 = {
						CreatedOnToolsVersion = 6.1.1;
						TestTargetID = 52C38A381A82D33900557E29;
					};
				};
			};
			buildConfigurationList = 52C38A341A82D33900557E29 /* Build configuration list for PBXProject "AtlassianDemo" */;
			compatibilityVersion = "Xcode 3.2";
			developmentRegion = English;
			hasScannedForEncodings = 0;
			knownRegions = (
				en,
				Base,
			);
			mainGroup = 52C38A301A82D33900557E29;
			productRefGroup = 52C38A3A1A82D33900557E29 /* Products */;
			projectDirPath = "";
			projectRoot = "";
			targets = (
				52C38A381A82D33900557E29 /* AtlassianDemo */,
				52C38A4B1A82D33900557E29 /* AtlassianDemoTests */,
			);
		};
/* End PBXProject section */

/* Begin PBXResourcesBuildPhase section */
		52C38A371A82D33900557E29 /* Resources */ = {
			isa = PBXResourcesBuildPhase;
			buildActionMask = 2147483647;
			files = (
				52C38A441A82D33900557E29 /* Images.xcassets in Resources */,
				52C38A471A82D33900557E29 /* MainMenu.xib in Resources */,
			);
			runOnlyForDeploymentPostprocessing = 0;
		};
		52C38A4A1A82D33900557E29 /* Resources */ = {
			isa = PBXResourcesBuildPhase;
			buildActionMask = 2147483647;
			files = (
			);
			runOnlyForDeploymentPostprocessing = 0;
		};
/* End PBXResourcesBuildPhase section */

/* Begin PBXSourcesBuildPhase section */
		52C38A351A82D33900557E29 /* Sources */ = {
			isa = PBXSourcesBuildPhase;
			buildActionMask = 2147483647;
			files = (
				52C38A421A82D33900557E29 /* main.m in Sources */,
				52C38A401A82D33900557E29 /* AppDelegate.m in Sources */,
			);
			runOnlyForDeploymentPostprocessing = 0;
		};
		52C38A481A82D33900557E29 /* Sources */ = {
			isa = PBXSourcesBuildPhase;
			buildActionMask = 2147483647;
			files = (
				52C38A531A82D33900557E29 /* AtlassianDemoTests.m in Sources */,
			);
			runOnlyForDeploymentPostprocessing = 0;
		};
/* End PBXSourcesBuildPhase section */

/* Begin PBXTargetDependency section */
		52C38A4E1A82D33900557E29 /* PBXTargetDependency */ = {
			isa = PBXTargetDependency;
			target = 52C38A381A82D33900557E29 /* AtlassianDemo */;
			targetProxy = 52C38A4D1A82D33900557E29 /* PBXContainerItemProxy */;
		};
/* End PBXTargetDependency section */

/* Begin PBXVariantGroup section */
		52C38A451A82D33900557E29 /* MainMenu.xib */ = {
			isa = PBXVariantGroup;
			children = (
				52C38A461A82D33900557E29 /* Base */,
			);
			name = MainMenu.xib;
			sourceTree = "<group>";
		};
/* End PBXVariantGroup section */

/* Begin XCBuildConfiguration section */
		52C38A541A82D33900557E29 /* Debug */ = {
			isa = XCBuildConfiguration;
			buildSettings = {
				ALWAYS_SEARCH_USER_PATHS = NO;
				CLANG_CXX_LANGUAGE_STANDARD = "gnu++0x";
				CLANG_CXX_LIBRARY = "libc++";
				CLANG_ENABLE_MODULES = YES;
				CLANG_ENABLE_OBJC_ARC = YES;
				CLANG_WARN_BOOL_CONVERSION = YES;
				CLANG_WARN_CONSTANT_CONVERSION = YES;
				CLANG_WARN_DIRECT_OBJC_ISA_USAGE = YES_ERROR;
				CLANG_WARN_EMPTY_BODY = YES;
				CLANG_WARN_ENUM_CONVERSION = YES;
				CLANG_WARN_INT_CONVERSION = YES;
				CLANG_WARN_OBJC_ROOT_CLASS = YES_ERROR;
				CLANG_WARN_UNREACHABLE_CODE = YES;
				CLANG_WARN__DUPLICATE_METHOD_MATCH = YES;
				CODE_SIGN_IDENTITY = "-";
				COPY_PHASE_STRIP = NO;
				ENABLE_STRICT_OBJC_MSGSEND = YES;
				GCC_C_LANGUAGE_STANDARD = gnu99;
				GCC_DYNAMIC_NO_PIC = NO;
				GCC_OPTIMIZATION_LEVEL = 0;
				GCC_PREPROCESSOR_DEFINITIONS = (
					"DEBUG=1",
					"$(inherited)",
				);
				GCC_SYMBOLS_PRIVATE_EXTERN = NO;
				GCC_WARN_64_TO_32_BIT_CONVERSION = YES;
				GCC_WARN_ABOUT_RETURN_TYPE = YES_ERROR;
				GCC_WARN_UNDECLARED_SELECTOR = YES;
				GCC_WARN_UNINITIALIZED_AUTOS = YES_AGGRESSIVE;
				GCC_WARN_UNUSED_FUNCTION = YES;
				GCC_WARN_UNUSED_VARIABLE = YES;
				MACOSX_DEPLOYMENT_TARGET = 10.9;
				MTL_ENABLE_DEBUG_INFO = YES;
				ONLY_ACTIVE_ARCH = YES;
				SDKROOT = macosx;
			};
			name = Debug;
		};
		52C38A551A82D33900557E29 /* Release */ = {
			isa = XCBuildConfiguration;
			buildSettings = {
				ALWAYS_SEARCH_USER_PATHS = NO;
				CLANG_CXX_LANGUAGE_STANDARD = "gnu++0x";
				CLANG_CXX_LIBRARY = "libc++";
				CLANG_ENABLE_MODULES = YES;
				CLANG_ENABLE_OBJC_ARC = YES;
				CLANG_WARN_BOOL_CONVERSION = YES;
				CLANG_WARN_CONSTANT_CONVERSION = YES;
				CLANG_WARN_DIRECT_OBJC_ISA_USAGE = YES_ERROR;
				CLANG_WARN_EMPTY_BODY = YES;
				CLANG_WARN_ENUM_CONVERSION = YES;
				CLANG_WARN_INT_CONVERSION = YES;
				CLANG_WARN_OBJC_ROOT_CLASS = YES_ERROR;
				CLANG_WARN_UNREACHABLE_CODE = YES;
				CLANG_WARN__DUPLICATE_METHOD_MATCH = YES;
				CODE_SIGN_IDENTITY = "-";
				COPY_PHASE_STRIP = YES;
				DEBUG_INFORMATION_FORMAT = "dwarf-with-dsym";
				ENABLE_NS_ASSERTIONS = NO;
				ENABLE_STRICT_OBJC_MSGSEND = YES;
				GCC_C_LANGUAGE_STANDARD = gnu99;
				GCC_WARN_64_TO_32_BIT_CONVERSION = YES;
				GCC_WARN_ABOUT_RETURN_TYPE = YES_ERROR;
				GCC_WARN_UNDECLARED_SELECTOR = YES;
				GCC_WARN_UNINITIALIZED_AUTOS = YES_AGGRESSIVE;
				GCC_WARN_UNUSED_FUNCTION = YES;
				GCC_WARN_UNUSED_VARIABLE = YES;
				MACOSX_DEPLOYMENT_TARGET = 10.9;
				MTL_ENABLE_DEBUG_INFO = NO;
				SDKROOT = macosx;
			};
			name = Release;
		};
		52C38A571A82D33900557E29 /* Debug */ = {
			isa = XCBuildConfiguration;
			buildSettings = {
				ASSETCATALOG_COMPILER_APPICON_NAME = AppIcon;
				COMBINE_HIDPI_IMAGES = YES;
				INFOPLIST_FILE = AtlassianDemo/Info.plist;
				LD_RUNPATH_SEARCH_PATHS = "$(inherited) @executable_path/../Frameworks";
				PRODUCT_NAME = "$(TARGET_NAME)";
			};
			name = Debug;
		};
		52C38A581A82D33900557E29 /* Release */ = {
			isa = XCBuildConfiguration;
			buildSettings = {
				ASSETCATALOG_COMPILER_APPICON_NAME = AppIcon;
				COMBINE_HIDPI_IMAGES = YES;
				INFOPLIST_FILE = AtlassianDemo/Info.plist;
				LD_RUNPATH_SEARCH_PATHS = "$(inherited) @executable_path/../Frameworks";
				PRODUCT_NAME = "$(TARGET_NAME)";
			};
			name = Release;
		};
		52C38A5A1A82D33900557E29 /* Debug */ = {
			isa = XCBuildConfiguration;
			buildSettings = {
				BUNDLE_LOADER = "$(TEST_HOST)";
				COMBINE_HIDPI_IMAGES = YES;
				FRAMEWORK_SEARCH_PATHS = (
					"$(DEVELOPER_FRAMEWORKS_DIR)",
					"$(inherited)",
				);
				GCC_PREPROCESSOR_DEFINITIONS = (
					"DEBUG=1",
					"$(inherited)",
				);
				INFOPLIST_FILE = AtlassianDemoTests/Info.plist;
				LD_RUNPATH_SEARCH_PATHS = "$(inherited) @executable_path/../Frameworks @loader_path/../Frameworks";
				PRODUCT_NAME = "$(TARGET_NAME)";
				TEST_HOST = "$(BUILT_PRODUCTS_DIR)/AtlassianDemo.app/Contents/MacOS/AtlassianDemo";
			};
			name = Debug;
		};
		52C38A5B1A82D33900557E29 /* Release */ = {
			isa = XCBuildConfiguration;
			buildSettings = {
				BUNDLE_LOADER = "$(TEST_HOST)";
				COMBINE_HIDPI_IMAGES = YES;
				FRAMEWORK_SEARCH_PATHS = (
					"$(DEVELOPER_FRAMEWORKS_DIR)",
					"$(inherited)",
				);
				INFOPLIST_FILE = AtlassianDemoTests/Info.plist;
				LD_RUNPATH_SEARCH_PATHS = "$(inherited) @executable_path/../Frameworks @loader_path/../Frameworks";
				PRODUCT_NAME = "$(TARGET_NAME)";
				TEST_HOST = "$(BUILT_PRODUCTS_DIR)/AtlassianDemo.app/Contents/MacOS/AtlassianDemo";
			};
			name = Release;
		};
/* End XCBuildConfiguration section */

/* Begin XCConfigurationList section */
		52C38A341A82D33900557E29 /* Build configuration list for PBXProject "AtlassianDemo" */ = {
			isa = XCConfigurationList;
			buildConfigurations = (
				52C38A541A82D33900557E29 /* Debug */,
				52C38A551A82D33900557E29 /* Release */,
			);
			defaultConfigurationIsVisible = 0;
			defaultConfigurationName = Release;
		};
		52C38A561A82D33900557E29 /* Build configuration list for PBXNativeTarget "AtlassianDemo" */ = {
			isa = XCConfigurationList;
			buildConfigurations = (
				52C38A571A82D33900557E29 /* Debug */,
				52C38A581A82D33900557E29 /* Release */,
			);
			defaultConfigurationIsVisible = 0;
		};
		52C38A591A82D33900557E29 /* Build configuration list for PBXNativeTarget "AtlassianDemoTests" */ = {
			isa = XCConfigurationList;
			buildConfigurations = (
				52C38A5A1A82D33900557E29 /* Debug */,
				52C38A5B1A82D33900557E29 /* Release */,
			);
			defaultConfigurationIsVisible = 0;
		};
/* End XCConfigurationList section */
	};
	rootObject = 52C38A311A82D33900557E29 /* Project object */;
}
